
Microsoft Visual Studio Solution File, Format Version 12.00
# Visual Studio 14
VisualStudioVersion = 14.0.25123.0
MinimumVisualStudioVersion = 10.0.40219.1
Project("{2150E333-8FDC-42A3-9474-1A3956D46DE8}") = "src", "src", "{98935CC7-9E54-4EE6-9DBF-8F7B8F180D8A}"
EndProject
Project("{2150E333-8FDC-42A3-9474-1A3956D46DE8}") = "tools", "tools", "{F3E4366D-EFB7-4C37-A970-27996CA950B0}"
EndProject
Project("{FAE04EC0-301F-11D3-BF4B-00C04F79EFBC}") = "AleaTK", "src\AleaTK\AleaTK.csproj", "{EC47C435-0D7D-4819-BE05-11B9E57FB8F3}"
EndProject
Project("{2150E333-8FDC-42A3-9474-1A3956D46DE8}") = "tests", "tests", "{A3D5657F-410D-433B-8B33-7C24D0C26CEB}"
EndProject
Project("{FAE04EC0-301F-11D3-BF4B-00C04F79EFBC}") = "AleaTKTest", "tests\AleaTKTest\AleaTKTest.csproj", "{C45C2DCD-0CE2-495B-B805-A53A2D7FF0CE}"
EndProject
Project("{2150E333-8FDC-42A3-9474-1A3956D46DE8}") = "tutorial", "tutorial", "{975ADAFF-65C8-4CB0-BA59-218433C3E89C}"
EndProject
Project("{2150E333-8FDC-42A3-9474-1A3956D46DE8}") = "generate", "generate", "{DFFDA90D-F070-4392-B241-6B69B44C3A09}"
EndProject
Project("{F2A71F9B-5D33-465A-A702-920D77279786}") = "Generate", "tutorial\generate\Generate.fsproj", "{CF152E30-8B00-440C-A1DF-B6665212F8FA}"
EndProject
Project("{2150E333-8FDC-42A3-9474-1A3956D46DE8}") = "samples", "samples", "{F08825D9-3ABF-45AE-A3FF-45701A9DE4FF}"
EndProject
Project("{FAE04EC0-301F-11D3-BF4B-00C04F79EFBC}") = "MNIST", "tutorial\samples\MNIST\MNIST.csproj", "{87A9BBD7-C303-4A22-9175-74BCF148A81D}"
EndProject
Project("{FAE04EC0-301F-11D3-BF4B-00C04F79EFBC}") = "MonteCarloPi", "tutorial\samples\MonteCarloPi\MonteCarloPi.csproj", "{5F2ECB6E-7F39-4889-99C2-BBE6144CF7AC}"
EndProject
Project("{FAE04EC0-301F-11D3-BF4B-00C04F79EFBC}") = "PTB", "tutorial\samples\PTB\PTB.csproj", "{EC890853-7BCF-4C35-A714-FFB81776E433}"
EndProject
Project("{2150E333-8FDC-42A3-9474-1A3956D46DE8}") = "root", "root", "{1B0B8104-5F02-4999-BB85-CBD75ADA21FE}"
	ProjectSection(SolutionItems) = preProject
		.gitattributes = .gitattributes
		.gitignore = .gitignore
		build.bat = build.bat
		build.fsx = build.fsx
		index.html = index.html
		paket.dependencies = paket.dependencies
		paket.lock = paket.lock
		SolutionInfo.cs = SolutionInfo.cs
		SolutionInfo.fs = SolutionInfo.fs
		Version.fsx = Version.fsx
		version_list.html = version_list.html
	EndProjectSection
EndProject
Project("{2150E333-8FDC-42A3-9474-1A3956D46DE8}") = "doc", "doc", "{3421C920-B42B-48F7-A5FF-06DF7B3998B9}"
	ProjectSection(SolutionItems) = preProject
		tutorial\doc\get_started.md = tutorial\doc\get_started.md
		tutorial\doc\how_to.md = tutorial\doc\how_to.md
		tutorial\doc\index.md = tutorial\doc\index.md
		tutorial\doc\ml_tools.md = tutorial\doc\ml_tools.md
		tutorial\doc\resources.md = tutorial\doc\resources.md
		tutorial\doc\tutorials.md = tutorial\doc\tutorials.md
	EndProjectSection
EndProject
Project("{2150E333-8FDC-42A3-9474-1A3956D46DE8}") = "design", "design", "{FE83A1AB-B7B2-415D-A35E-4004B51F1B84}"
EndProject
Project("{2150E333-8FDC-42A3-9474-1A3956D46DE8}") = "templates", "templates", "{AB884DFA-416F-43BE-869D-9418FF2A0143}"
	ProjectSection(SolutionItems) = preProject
		tutorial\design\templates\doc_page.html = tutorial\design\templates\doc_page.html
		tutorial\design\templates\extended_sample_doc_page.html = tutorial\design\templates\extended_sample_doc_page.html
		tutorial\design\templates\references.bib = tutorial\design\templates\references.bib
	EndProjectSection
EndProject
Project("{2150E333-8FDC-42A3-9474-1A3956D46DE8}") = "content", "content", "{1F815270-04BC-4140-81F6-A014560BA0EA}"
	ProjectSection(SolutionItems) = preProject
		tutorial\design\content\gallery.css = tutorial\design\content\gallery.css
		tutorial\design\content\src_highlight_tango.css = tutorial\design\content\src_highlight_tango.css
		tutorial\design\content\style.css = tutorial\design\content\style.css
	EndProjectSection
EndProject
Project("{FAE04EC0-301F-11D3-BF4B-00C04F79EFBC}") = "AleaTKUtil", "src\AleaTKUtil\AleaTKUtil.csproj", "{19810D0A-BD63-4360-ACA3-1DB47C91E0A3}"
EndProject
Project("{FAE04EC0-301F-11D3-BF4B-00C04F79EFBC}") = "WMT", "tutorial\samples\WMT\WMT.csproj", "{B76BF3FA-4CC4-4D7A-AC49-557AD693CC06}"
EndProject
Global
	GlobalSection(SolutionConfigurationPlatforms) = preSolution
		Debug|Any CPU = Debug|Any CPU
		Release|Any CPU = Release|Any CPU
	EndGlobalSection
	GlobalSection(ProjectConfigurationPlatforms) = postSolution
		{EC47C435-0D7D-4819-BE05-11B9E57FB8F3}.Debug|Any CPU.ActiveCfg = Debug|Any CPU
		{EC47C435-0D7D-4819-BE05-11B9E57FB8F3}.Debug|Any CPU.Build.0 = Debug|Any CPU
		{EC47C435-0D7D-4819-BE05-11B9E57FB8F3}.Release|Any CPU.ActiveCfg = Release|Any CPU
		{EC47C435-0D7D-4819-BE05-11B9E57FB8F3}.Release|Any CPU.Build.0 = Release|Any CPU
		{C45C2DCD-0CE2-495B-B805-A53A2D7FF0CE}.Debug|Any CPU.ActiveCfg = Debug|Any CPU
		{C45C2DCD-0CE2-495B-B805-A53A2D7FF0CE}.Debug|Any CPU.Build.0 = Debug|Any CPU
		{C45C2DCD-0CE2-495B-B805-A53A2D7FF0CE}.Release|Any CPU.ActiveCfg = Release|Any CPU
		{C45C2DCD-0CE2-495B-B805-A53A2D7FF0CE}.Release|Any CPU.Build.0 = Release|Any CPU
		{CF152E30-8B00-440C-A1DF-B6665212F8FA}.Debug|Any CPU.ActiveCfg = Debug|Any CPU
		{CF152E30-8B00-440C-A1DF-B6665212F8FA}.Debug|Any CPU.Build.0 = Debug|Any CPU
		{CF152E30-8B00-440C-A1DF-B6665212F8FA}.Release|Any CPU.ActiveCfg = Release|Any CPU
		{CF152E30-8B00-440C-A1DF-B6665212F8FA}.Release|Any CPU.Build.0 = Release|Any CPU
		{87A9BBD7-C303-4A22-9175-74BCF148A81D}.Debug|Any CPU.ActiveCfg = Debug|Any CPU
		{87A9BBD7-C303-4A22-9175-74BCF148A81D}.Debug|Any CPU.Build.0 = Debug|Any CPU
		{87A9BBD7-C303-4A22-9175-74BCF148A81D}.Release|Any CPU.ActiveCfg = Release|Any CPU
		{87A9BBD7-C303-4A22-9175-74BCF148A81D}.Release|Any CPU.Build.0 = Release|Any CPU
		{5F2ECB6E-7F39-4889-99C2-BBE6144CF7AC}.Debug|Any CPU.ActiveCfg = Debug|Any CPU
		{5F2ECB6E-7F39-4889-99C2-BBE6144CF7AC}.Debug|Any CPU.Build.0 = Debug|Any CPU
		{5F2ECB6E-7F39-4889-99C2-BBE6144CF7AC}.Release|Any CPU.ActiveCfg = Release|Any CPU
		{5F2ECB6E-7F39-4889-99C2-BBE6144CF7AC}.Release|Any CPU.Build.0 = Release|Any CPU
		{EC890853-7BCF-4C35-A714-FFB81776E433}.Debug|Any CPU.ActiveCfg = Debug|Any CPU
		{EC890853-7BCF-4C35-A714-FFB81776E433}.Debug|Any CPU.Build.0 = Debug|Any CPU
		{EC890853-7BCF-4C35-A714-FFB81776E433}.Release|Any CPU.ActiveCfg = Release|Any CPU
		{EC890853-7BCF-4C35-A714-FFB81776E433}.Release|Any CPU.Build.0 = Release|Any CPU
		{19810D0A-BD63-4360-ACA3-1DB47C91E0A3}.Debug|Any CPU.ActiveCfg = Debug|Any CPU
		{19810D0A-BD63-4360-ACA3-1DB47C91E0A3}.Debug|Any CPU.Build.0 = Debug|Any CPU
		{19810D0A-BD63-4360-ACA3-1DB47C91E0A3}.Release|Any CPU.ActiveCfg = Release|Any CPU
		{19810D0A-BD63-4360-ACA3-1DB47C91E0A3}.Release|Any CPU.Build.0 = Release|Any CPU
		{B76BF3FA-4CC4-4D7A-AC49-557AD693CC06}.Debug|Any CPU.ActiveCfg = Debug|Any CPU
		{B76BF3FA-4CC4-4D7A-AC49-557AD693CC06}.Debug|Any CPU.Build.0 = Debug|Any CPU
		{B76BF3FA-4CC4-4D7A-AC49-557AD693CC06}.Release|Any CPU.ActiveCfg = Release|Any CPU
		{B76BF3FA-4CC4-4D7A-AC49-557AD693CC06}.Release|Any CPU.Build.0 = Release|Any CPU
	EndGlobalSection
	GlobalSection(SolutionProperties) = preSolution
		HideSolutionNode = FALSE
	EndGlobalSection
	GlobalSection(NestedProjects) = preSolution
		{EC47C435-0D7D-4819-BE05-11B9E57FB8F3} = {98935CC7-9E54-4EE6-9DBF-8F7B8F180D8A}
		{C45C2DCD-0CE2-495B-B805-A53A2D7FF0CE} = {A3D5657F-410D-433B-8B33-7C24D0C26CEB}
		{DFFDA90D-F070-4392-B241-6B69B44C3A09} = {975ADAFF-65C8-4CB0-BA59-218433C3E89C}
		{CF152E30-8B00-440C-A1DF-B6665212F8FA} = {DFFDA90D-F070-4392-B241-6B69B44C3A09}
		{F08825D9-3ABF-45AE-A3FF-45701A9DE4FF} = {975ADAFF-65C8-4CB0-BA59-218433C3E89C}
		{87A9BBD7-C303-4A22-9175-74BCF148A81D} = {F08825D9-3ABF-45AE-A3FF-45701A9DE4FF}
		{5F2ECB6E-7F39-4889-99C2-BBE6144CF7AC} = {F08825D9-3ABF-45AE-A3FF-45701A9DE4FF}
		{EC890853-7BCF-4C35-A714-FFB81776E433} = {F08825D9-3ABF-45AE-A3FF-45701A9DE4FF}
		{3421C920-B42B-48F7-A5FF-06DF7B3998B9} = {975ADAFF-65C8-4CB0-BA59-218433C3E89C}
		{FE83A1AB-B7B2-415D-A35E-4004B51F1B84} = {975ADAFF-65C8-4CB0-BA59-218433C3E89C}
		{AB884DFA-416F-43BE-869D-9418FF2A0143} = {FE83A1AB-B7B2-415D-A35E-4004B51F1B84}
		{1F815270-04BC-4140-81F6-A014560BA0EA} = {FE83A1AB-B7B2-415D-A35E-4004B51F1B84}
		{19810D0A-BD63-4360-ACA3-1DB47C91E0A3} = {98935CC7-9E54-4EE6-9DBF-8F7B8F180D8A}
		{B76BF3FA-4CC4-4D7A-AC49-557AD693CC06} = {F08825D9-3ABF-45AE-A3FF-45701A9DE4FF}
	EndGlobalSection
EndGlobal
